
Microsoft Visual Studio Solution File, Format Version 12.00
# Visual Studio Version 16
VisualStudioVersion = 16.0.30104.148
MinimumVisualStudioVersion = 10.0.40219.1
Project("{9A19103F-16F7-4668-BE54-9A1E7A4F7556}") = "ThomBraExtensions", "StringExtensions\ThomBraExtensions.csproj", "{38DDB85C-119B-451D-9377-741A57E1B335}"
EndProject
Project("{9A19103F-16F7-4668-BE54-9A1E7A4F7556}") = "TestingApplication", "TestingApplication\TestingApplication.csproj", "{2D76B16C-A7EB-4825-8F68-90BC9681D286}"
EndProject
Global
	GlobalSection(SolutionConfigurationPlatforms) = preSolution
		Debug|Any CPU = Debug|Any CPU
		Release|Any CPU = Release|Any CPU
	EndGlobalSection
	GlobalSection(ProjectConfigurationPlatforms) = postSolution
		{38DDB85C-119B-451D-9377-741A57E1B335}.Debug|Any CPU.ActiveCfg = Debug|Any CPU
		{38DDB85C-119B-451D-9377-741A57E1B335}.Debug|Any CPU.Build.0 = Debug|Any CPU
		{38DDB85C-119B-451D-9377-741A57E1B335}.Release|Any CPU.ActiveCfg = Release|Any CPU
		{38DDB85C-119B-451D-9377-741A57E1B335}.Release|Any CPU.Build.0 = Release|Any CPU
		{2D76B16C-A7EB-4825-8F68-90BC9681D286}.Debug|Any CPU.ActiveCfg = Debug|Any CPU
		{2D76B16C-A7EB-4825-8F68-90BC9681D286}.Debug|Any CPU.Build.0 = Debug|Any CPU
		{2D76B16C-A7EB-4825-8F68-90BC9681D286}.Release|Any CPU.ActiveCfg = Release|Any CPU
		{2D76B16C-A7EB-4825-8F68-90BC9681D286}.Release|Any CPU.Build.0 = Release|Any CPU
	EndGlobalSection
	GlobalSection(SolutionProperties) = preSolution
		HideSolutionNode = FALSE
	EndGlobalSection
	GlobalSection(ExtensibilityGlobals) = postSolution
		SolutionGuid = {A669426A-3ADC-4EBA-8495-F5FC50AE89A5}
	EndGlobalSection
EndGlobal
